
Microsoft Visual Studio Solution File, Format Version 11.00
# Visual Studio 2010
Project("{FAE04EC0-301F-11D3-BF4B-00C04F79EFBC}") = "FVA", "FVA\FVA.csproj", "{81083A80-F737-40DB-AD4F-80FF3F908F85}"
EndProject
Global
	GlobalSection(SolutionConfigurationPlatforms) = preSolution
		Debug|x86 = Debug|x86
		Release|x86 = Release|x86
	EndGlobalSection
	GlobalSection(ProjectConfigurationPlatforms) = postSolution
		{81083A80-F737-40DB-AD4F-80FF3F908F85}.Debug|x86.ActiveCfg = Debug|x86
		{81083A80-F737-40DB-AD4F-80FF3F908F85}.Debug|x86.Build.0 = Debug|x86
		{81083A80-F737-40DB-AD4F-80FF3F908F85}.Release|x86.ActiveCfg = Release|x86
		{81083A80-F737-40DB-AD4F-80FF3F908F85}.Release|x86.Build.0 = Release|x86
	EndGlobalSection
	GlobalSection(SolutionProperties) = preSolution
		HideSolutionNode = FALSE
	EndGlobalSection
EndGlobal
